// !$*UTF8*$!
{
	archiveVersion = 1;
	classes = {
	};
	objectVersion = 46;
	objects = {

/* Begin PBXBuildFile section */
		C379B13718CFA9E20092D112 /* Foundation.framework in Frameworks */ = {isa = PBXBuildFile; fileRef = C379B13618CFA9E20092D112 /* Foundation.framework */; };
		C379B13918CFA9E20092D112 /* CoreGraphics.framework in Frameworks */ = {isa = PBXBuildFile; fileRef = C379B13818CFA9E20092D112 /* CoreGraphics.framework */; };
		C379B13B18CFA9E20092D112 /* UIKit.framework in Frameworks */ = {isa = PBXBuildFile; fileRef = C379B13A18CFA9E20092D112 /* UIKit.framework */; };
		C379B14118CFA9E20092D112 /* InfoPlist.strings in Resources */ = {isa = PBXBuildFile; fileRef = C379B13F18CFA9E20092D112 /* InfoPlist.strings */; };
		C379B14318CFA9E20092D112 /* main.m in Sources */ = {isa = PBXBuildFile; fileRef = C379B14218CFA9E20092D112 /* main.m */; };
		C379B14718CFA9E20092D112 /* FLXAppDelegate.m in Sources */ = {isa = PBXBuildFile; fileRef = C379B14618CFA9E20092D112 /* FLXAppDelegate.m */; };
		C379B14A18CFA9E20092D112 /* Main.storyboard in Resources */ = {isa = PBXBuildFile; fileRef = C379B14818CFA9E20092D112 /* Main.storyboard */; };
		C379B14D18CFA9E20092D112 /* FLXViewController.m in Sources */ = {isa = PBXBuildFile; fileRef = C379B14C18CFA9E20092D112 /* FLXViewController.m */; };
		C379B14F18CFA9E20092D112 /* Images.xcassets in Resources */ = {isa = PBXBuildFile; fileRef = C379B14E18CFA9E20092D112 /* Images.xcassets */; };
		C379B15618CFA9E20092D112 /* XCTest.framework in Frameworks */ = {isa = PBXBuildFile; fileRef = C379B15518CFA9E20092D112 /* XCTest.framework */; };
		C379B15718CFA9E20092D112 /* Foundation.framework in Frameworks */ = {isa = PBXBuildFile; fileRef = C379B13618CFA9E20092D112 /* Foundation.framework */; };
		C379B15818CFA9E20092D112 /* UIKit.framework in Frameworks */ = {isa = PBXBuildFile; fileRef = C379B13A18CFA9E20092D112 /* UIKit.framework */; };
		C379B16018CFA9E20092D112 /* InfoPlist.strings in Resources */ = {isa = PBXBuildFile; fileRef = C379B15E18CFA9E20092D112 /* InfoPlist.strings */; };
		C379B16218CFA9E20092D112 /* AdventureTests.m in Sources */ = {isa = PBXBuildFile; fileRef = C379B16118CFA9E20092D112 /* AdventureTests.m */; };
		C379B17018CFAC510092D112 /* CheckMate.framework in Frameworks */ = {isa = PBXBuildFile; fileRef = C379B16F18CFAC510092D112 /* CheckMate.framework */; };
		C379B17318D066AE0092D112 /* FLXAdventureViewController.m in Sources */ = {isa = PBXBuildFile; fileRef = C379B17218D066AE0092D112 /* FLXAdventureViewController.m */; };
/* End PBXBuildFile section */

/* Begin PBXContainerItemProxy section */
		C379B15918CFA9E20092D112 /* PBXContainerItemProxy */ = {
			isa = PBXContainerItemProxy;
			containerPortal = C379B12B18CFA9E20092D112 /* Project object */;
			proxyType = 1;
			remoteGlobalIDString = C379B13218CFA9E20092D112;
			remoteInfo = Adventure;
		};
/* End PBXContainerItemProxy section */

/* Begin PBXFileReference section */
		C379B13318CFA9E20092D112 /* Adventure.app */ = {isa = PBXFileReference; explicitFileType = wrapper.application; includeInIndex = 0; path = Adventure.app; sourceTree = BUILT_PRODUCTS_DIR; };
		C379B13618CFA9E20092D112 /* Foundation.framework */ = {isa = PBXFileReference; lastKnownFileType = wrapper.framework; name = Foundation.framework; path = System/Library/Frameworks/Foundation.framework; sourceTree = SDKROOT; };
		C379B13818CFA9E20092D112 /* CoreGraphics.framework */ = {isa = PBXFileReference; lastKnownFileType = wrapper.framework; name = CoreGraphics.framework; path = System/Library/Frameworks/CoreGraphics.framework; sourceTree = SDKROOT; };
		C379B13A18CFA9E20092D112 /* UIKit.framework */ = {isa = PBXFileReference; lastKnownFileType = wrapper.framework; name = UIKit.framework; path = System/Library/Frameworks/UIKit.framework; sourceTree = SDKROOT; };
		C379B13E18CFA9E20092D112 /* Adventure-Info.plist */ = {isa = PBXFileReference; lastKnownFileType = text.plist.xml; path = "Adventure-Info.plist"; sourceTree = "<group>"; };
		C379B14018CFA9E20092D112 /* en */ = {isa = PBXFileReference; lastKnownFileType = text.plist.strings; name = en; path = en.lproj/InfoPlist.strings; sourceTree = "<group>"; };
		C379B14218CFA9E20092D112 /* main.m */ = {isa = PBXFileReference; lastKnownFileType = sourcecode.c.objc; path = main.m; sourceTree = "<group>"; };
		C379B14418CFA9E20092D112 /* Adventure-Prefix.pch */ = {isa = PBXFileReference; lastKnownFileType = sourcecode.c.h; path = "Adventure-Prefix.pch"; sourceTree = "<group>"; };
		C379B14518CFA9E20092D112 /* FLXAppDelegate.h */ = {isa = PBXFileReference; lastKnownFileType = sourcecode.c.h; path = FLXAppDelegate.h; sourceTree = "<group>"; };
		C379B14618CFA9E20092D112 /* FLXAppDelegate.m */ = {isa = PBXFileReference; lastKnownFileType = sourcecode.c.objc; path = FLXAppDelegate.m; sourceTree = "<group>"; };
		C379B14918CFA9E20092D112 /* Base */ = {isa = PBXFileReference; lastKnownFileType = file.storyboard; name = Base; path = Base.lproj/Main.storyboard; sourceTree = "<group>"; };
		C379B14B18CFA9E20092D112 /* FLXViewController.h */ = {isa = PBXFileReference; lastKnownFileType = sourcecode.c.h; path = FLXViewController.h; sourceTree = "<group>"; };
		C379B14C18CFA9E20092D112 /* FLXViewController.m */ = {isa = PBXFileReference; lastKnownFileType = sourcecode.c.objc; path = FLXViewController.m; sourceTree = "<group>"; };
		C379B14E18CFA9E20092D112 /* Images.xcassets */ = {isa = PBXFileReference; lastKnownFileType = folder.assetcatalog; path = Images.xcassets; sourceTree = "<group>"; };
		C379B15418CFA9E20092D112 /* AdventureTests.xctest */ = {isa = PBXFileReference; explicitFileType = wrapper.cfbundle; includeInIndex = 0; path = AdventureTests.xctest; sourceTree = BUILT_PRODUCTS_DIR; };
		C379B15518CFA9E20092D112 /* XCTest.framework */ = {isa = PBXFileReference; lastKnownFileType = wrapper.framework; name = XCTest.framework; path = Library/Frameworks/XCTest.framework; sourceTree = DEVELOPER_DIR; };
		C379B15D18CFA9E20092D112 /* AdventureTests-Info.plist */ = {isa = PBXFileReference; lastKnownFileType = text.plist.xml; path = "AdventureTests-Info.plist"; sourceTree = "<group>"; };
		C379B15F18CFA9E20092D112 /* en */ = {isa = PBXFileReference; lastKnownFileType = text.plist.strings; name = en; path = en.lproj/InfoPlist.strings; sourceTree = "<group>"; };
		C379B16118CFA9E20092D112 /* AdventureTests.m */ = {isa = PBXFileReference; lastKnownFileType = sourcecode.c.objc; path = AdventureTests.m; sourceTree = "<group>"; };
		C379B16F18CFAC510092D112 /* CheckMate.framework */ = {isa = PBXFileReference; lastKnownFileType = wrapper.framework; path = CheckMate.framework; sourceTree = "<group>"; };
		C379B17118D066AE0092D112 /* FLXAdventureViewController.h */ = {isa = PBXFileReference; fileEncoding = 4; lastKnownFileType = sourcecode.c.h; path = FLXAdventureViewController.h; sourceTree = "<group>"; };
		C379B17218D066AE0092D112 /* FLXAdventureViewController.m */ = {isa = PBXFileReference; fileEncoding = 4; lastKnownFileType = sourcecode.c.objc; path = FLXAdventureViewController.m; sourceTree = "<group>"; };
/* End PBXFileReference section */

/* Begin PBXFrameworksBuildPhase section */
		C379B13018CFA9E20092D112 /* Frameworks */ = {
			isa = PBXFrameworksBuildPhase;
			buildActionMask = 2147483647;
			files = (
				C379B17018CFAC510092D112 /* CheckMate.framework in Frameworks */,
				C379B13918CFA9E20092D112 /* CoreGraphics.framework in Frameworks */,
				C379B13B18CFA9E20092D112 /* UIKit.framework in Frameworks */,
				C379B13718CFA9E20092D112 /* Foundation.framework in Frameworks */,
			);
			runOnlyForDeploymentPostprocessing = 0;
		};
		C379B15118CFA9E20092D112 /* Frameworks */ = {
			isa = PBXFrameworksBuildPhase;
			buildActionMask = 2147483647;
			files = (
				C379B15618CFA9E20092D112 /* XCTest.framework in Frameworks */,
				C379B15818CFA9E20092D112 /* UIKit.framework in Frameworks */,
				C379B15718CFA9E20092D112 /* Foundation.framework in Frameworks */,
			);
			runOnlyForDeploymentPostprocessing = 0;
		};
/* End PBXFrameworksBuildPhase section */

/* Begin PBXGroup section */
		C379B12A18CFA9E20092D112 = {
			isa = PBXGroup;
			children = (
				C379B13C18CFA9E20092D112 /* Adventure */,
				C379B15B18CFA9E20092D112 /* AdventureTests */,
				C379B13518CFA9E20092D112 /* Frameworks */,
				C379B13418CFA9E20092D112 /* Products */,
			);
			sourceTree = "<group>";
		};
		C379B13418CFA9E20092D112 /* Products */ = {
			isa = PBXGroup;
			children = (
				C379B13318CFA9E20092D112 /* Adventure.app */,
				C379B15418CFA9E20092D112 /* AdventureTests.xctest */,
			);
			name = Products;
			sourceTree = "<group>";
		};
		C379B13518CFA9E20092D112 /* Frameworks */ = {
			isa = PBXGroup;
			children = (
				C379B16F18CFAC510092D112 /* CheckMate.framework */,
				C379B13618CFA9E20092D112 /* Foundation.framework */,
				C379B13818CFA9E20092D112 /* CoreGraphics.framework */,
				C379B13A18CFA9E20092D112 /* UIKit.framework */,
				C379B15518CFA9E20092D112 /* XCTest.framework */,
			);
			name = Frameworks;
			sourceTree = "<group>";
		};
		C379B13C18CFA9E20092D112 /* Adventure */ = {
			isa = PBXGroup;
			children = (
				C379B14518CFA9E20092D112 /* FLXAppDelegate.h */,
				C379B14618CFA9E20092D112 /* FLXAppDelegate.m */,
				C379B14818CFA9E20092D112 /* Main.storyboard */,
				C379B17118D066AE0092D112 /* FLXAdventureViewController.h */,
				C379B17218D066AE0092D112 /* FLXAdventureViewController.m */,
				C379B14B18CFA9E20092D112 /* FLXViewController.h */,
				C379B14C18CFA9E20092D112 /* FLXViewController.m */,
				C379B14E18CFA9E20092D112 /* Images.xcassets */,
				C379B13D18CFA9E20092D112 /* Supporting Files */,
			);
			path = Adventure;
			sourceTree = "<group>";
		};
		C379B13D18CFA9E20092D112 /* Supporting Files */ = {
			isa = PBXGroup;
			children = (
				C379B13E18CFA9E20092D112 /* Adventure-Info.plist */,
				C379B13F18CFA9E20092D112 /* InfoPlist.strings */,
				C379B14218CFA9E20092D112 /* main.m */,
				C379B14418CFA9E20092D112 /* Adventure-Prefix.pch */,
			);
			name = "Supporting Files";
			sourceTree = "<group>";
		};
		C379B15B18CFA9E20092D112 /* AdventureTests */ = {
			isa = PBXGroup;
			children = (
				C379B16118CFA9E20092D112 /* AdventureTests.m */,
				C379B15C18CFA9E20092D112 /* Supporting Files */,
			);
			path = AdventureTests;
			sourceTree = "<group>";
		};
		C379B15C18CFA9E20092D112 /* Supporting Files */ = {
			isa = PBXGroup;
			children = (
				C379B15D18CFA9E20092D112 /* AdventureTests-Info.plist */,
				C379B15E18CFA9E20092D112 /* InfoPlist.strings */,
			);
			name = "Supporting Files";
			sourceTree = "<group>";
		};
/* End PBXGroup section */

/* Begin PBXNativeTarget section */
		C379B13218CFA9E20092D112 /* Adventure */ = {
			isa = PBXNativeTarget;
			buildConfigurationList = C379B16518CFA9E20092D112 /* Build configuration list for PBXNativeTarget "Adventure" */;
			buildPhases = (
				C379B12F18CFA9E20092D112 /* Sources */,
				C379B13018CFA9E20092D112 /* Frameworks */,
				C379B13118CFA9E20092D112 /* Resources */,
			);
			buildRules = (
			);
			dependencies = (
			);
			name = Adventure;
			productName = Adventure;
			productReference = C379B13318CFA9E20092D112 /* Adventure.app */;
			productType = "com.apple.product-type.application";
		};
		C379B15318CFA9E20092D112 /* AdventureTests */ = {
			isa = PBXNativeTarget;
			buildConfigurationList = C379B16818CFA9E30092D112 /* Build configuration list for PBXNativeTarget "AdventureTests" */;
			buildPhases = (
				C379B15018CFA9E20092D112 /* Sources */,
				C379B15118CFA9E20092D112 /* Frameworks */,
				C379B15218CFA9E20092D112 /* Resources */,
			);
			buildRules = (
			);
			dependencies = (
				C379B15A18CFA9E20092D112 /* PBXTargetDependency */,
			);
			name = AdventureTests;
			productName = AdventureTests;
			productReference = C379B15418CFA9E20092D112 /* AdventureTests.xctest */;
			productType = "com.apple.product-type.bundle.unit-test";
		};
/* End PBXNativeTarget section */

/* Begin PBXProject section */
		C379B12B18CFA9E20092D112 /* Project object */ = {
			isa = PBXProject;
			attributes = {
				CLASSPREFIX = FLX;
				LastUpgradeCheck = 0500;
				ORGANIZATIONNAME = FileLogix;
				TargetAttributes = {
					C379B15318CFA9E20092D112 = {
						TestTargetID = C379B13218CFA9E20092D112;
					};
				};
			};
			buildConfigurationList = C379B12E18CFA9E20092D112 /* Build configuration list for PBXProject "Adventure" */;
			compatibilityVersion = "Xcode 3.2";
			developmentRegion = English;
			hasScannedForEncodings = 0;
			knownRegions = (
				en,
				Base,
			);
			mainGroup = C379B12A18CFA9E20092D112;
			productRefGroup = C379B13418CFA9E20092D112 /* Products */;
			projectDirPath = "";
			projectRoot = "";
			targets = (
				C379B13218CFA9E20092D112 /* Adventure */,
				C379B15318CFA9E20092D112 /* AdventureTests */,
			);
		};
/* End PBXProject section */

/* Begin PBXResourcesBuildPhase section */
		C379B13118CFA9E20092D112 /* Resources */ = {
			isa = PBXResourcesBuildPhase;
			buildActionMask = 2147483647;
			files = (
				C379B14F18CFA9E20092D112 /* Images.xcassets in Resources */,
				C379B14118CFA9E20092D112 /* InfoPlist.strings in Resources */,
				C379B14A18CFA9E20092D112 /* Main.storyboard in Resources */,
			);
			runOnlyForDeploymentPostprocessing = 0;
		};
		C379B15218CFA9E20092D112 /* Resources */ = {
			isa = PBXResourcesBuildPhase;
			buildActionMask = 2147483647;
			files = (
				C379B16018CFA9E20092D112 /* InfoPlist.strings in Resources */,
			);
			runOnlyForDeploymentPostprocessing = 0;
		};
/* End PBXResourcesBuildPhase section */

/* Begin PBXSourcesBuildPhase section */
		C379B12F18CFA9E20092D112 /* Sources */ = {
			isa = PBXSourcesBuildPhase;
			buildActionMask = 2147483647;
			files = (
				C379B14318CFA9E20092D112 /* main.m in Sources */,
				C379B14718CFA9E20092D112 /* FLXAppDelegate.m in Sources */,
				C379B17318D066AE0092D112 /* FLXAdventureViewController.m in Sources */,
				C379B14D18CFA9E20092D112 /* FLXViewController.m in Sources */,
			);
			runOnlyForDeploymentPostprocessing = 0;
		};
		C379B15018CFA9E20092D112 /* Sources */ = {
			isa = PBXSourcesBuildPhase;
			buildActionMask = 2147483647;
			files = (
				C379B16218CFA9E20092D112 /* AdventureTests.m in Sources */,
			);
			runOnlyForDeploymentPostprocessing = 0;
		};
/* End PBXSourcesBuildPhase section */

/* Begin PBXTargetDependency section */
		C379B15A18CFA9E20092D112 /* PBXTargetDependency */ = {
			isa = PBXTargetDependency;
			target = C379B13218CFA9E20092D112 /* Adventure */;
			targetProxy = C379B15918CFA9E20092D112 /* PBXContainerItemProxy */;
		};
/* End PBXTargetDependency section */

/* Begin PBXVariantGroup section */
		C379B13F18CFA9E20092D112 /* InfoPlist.strings */ = {
			isa = PBXVariantGroup;
			children = (
				C379B14018CFA9E20092D112 /* en */,
			);
			name = InfoPlist.strings;
			sourceTree = "<group>";
		};
		C379B14818CFA9E20092D112 /* Main.storyboard */ = {
			isa = PBXVariantGroup;
			children = (
				C379B14918CFA9E20092D112 /* Base */,
			);
			name = Main.storyboard;
			sourceTree = "<group>";
		};
		C379B15E18CFA9E20092D112 /* InfoPlist.strings */ = {
			isa = PBXVariantGroup;
			children = (
				C379B15F18CFA9E20092D112 /* en */,
			);
			name = InfoPlist.strings;
			sourceTree = "<group>";
		};
/* End PBXVariantGroup section */

/* Begin XCBuildConfiguration section */
		C379B16318CFA9E20092D112 /* Debug */ = {
			isa = XCBuildConfiguration;
			buildSettings = {
				ALWAYS_SEARCH_USER_PATHS = NO;
				ARCHS = "$(ARCHS_STANDARD_INCLUDING_64_BIT)";
				CLANG_CXX_LANGUAGE_STANDARD = "gnu++0x";
				CLANG_CXX_LIBRARY = "libc++";
				CLANG_ENABLE_MODULES = YES;
				CLANG_ENABLE_OBJC_ARC = YES;
				CLANG_WARN_BOOL_CONVERSION = YES;
				CLANG_WARN_CONSTANT_CONVERSION = YES;
				CLANG_WARN_DIRECT_OBJC_ISA_USAGE = YES_ERROR;
				CLANG_WARN_EMPTY_BODY = YES;
				CLANG_WARN_ENUM_CONVERSION = YES;
				CLANG_WARN_INT_CONVERSION = YES;
				CLANG_WARN_OBJC_ROOT_CLASS = YES_ERROR;
				CLANG_WARN__DUPLICATE_METHOD_MATCH = YES;
				"CODE_SIGN_IDENTITY[sdk=iphoneos*]" = "iPhone Developer";
				COPY_PHASE_STRIP = NO;
				GCC_C_LANGUAGE_STANDARD = gnu99;
				GCC_DYNAMIC_NO_PIC = NO;
				GCC_OPTIMIZATION_LEVEL = 0;
				GCC_PREPROCESSOR_DEFINITIONS = (
					"DEBUG=1",
					"$(inherited)",
				);
				GCC_SYMBOLS_PRIVATE_EXTERN = NO;
				GCC_WARN_64_TO_32_BIT_CONVERSION = YES;
				GCC_WARN_ABOUT_RETURN_TYPE = YES_ERROR;
				GCC_WARN_UNDECLARED_SELECTOR = YES;
				GCC_WARN_UNINITIALIZED_AUTOS = YES;
				GCC_WARN_UNUSED_FUNCTION = YES;
				GCC_WARN_UNUSED_VARIABLE = YES;
				IPHONEOS_DEPLOYMENT_TARGET = 7.0;
				ONLY_ACTIVE_ARCH = YES;
				SDKROOT = iphoneos;
			};
			name = Debug;
		};
		C379B16418CFA9E20092D112 /* Release */ = {
			isa = XCBuildConfiguration;
			buildSettings = {
				ALWAYS_SEARCH_USER_PATHS = NO;
				ARCHS = "$(ARCHS_STANDARD_INCLUDING_64_BIT)";
				CLANG_CXX_LANGUAGE_STANDARD = "gnu++0x";
				CLANG_CXX_LIBRARY = "libc++";
				CLANG_ENABLE_MODULES = YES;
				CLANG_ENABLE_OBJC_ARC = YES;
				CLANG_WARN_BOOL_CONVERSION = YES;
				CLANG_WARN_CONSTANT_CONVERSION = YES;
				CLANG_WARN_DIRECT_OBJC_ISA_USAGE = YES_ERROR;
				CLANG_WARN_EMPTY_BODY = YES;
				CLANG_WARN_ENUM_CONVERSION = YES;
				CLANG_WARN_INT_CONVERSION = YES;
				CLANG_WARN_OBJC_ROOT_CLASS = YES_ERROR;
				CLANG_WARN__DUPLICATE_METHOD_MATCH = YES;
				"CODE_SIGN_IDENTITY[sdk=iphoneos*]" = "iPhone Developer";
				COPY_PHASE_STRIP = YES;
				ENABLE_NS_ASSERTIONS = NO;
				GCC_C_LANGUAGE_STANDARD = gnu99;
				GCC_WARN_64_TO_32_BIT_CONVERSION = YES;
				GCC_WARN_ABOUT_RETURN_TYPE = YES_ERROR;
				GCC_WARN_UNDECLARED_SELECTOR = YES;
				GCC_WARN_UNINITIALIZED_AUTOS = YES;
				GCC_WARN_UNUSED_FUNCTION = YES;
				GCC_WARN_UNUSED_VARIABLE = YES;
				IPHONEOS_DEPLOYMENT_TARGET = 7.0;
				SDKROOT = iphoneos;
				VALIDATE_PRODUCT = YES;
			};
			name = Release;
		};
		C379B16618CFA9E20092D112 /* Debug */ = {
			isa = XCBuildConfiguration;
			buildSettings = {
				ASSETCATALOG_COMPILER_APPICON_NAME = AppIcon;
				ASSETCATALOG_COMPILER_LAUNCHIMAGE_NAME = LaunchImage;
				FRAMEWORK_SEARCH_PATHS = (
					"$(inherited)",
					/Users/administrator/Adventure/Adventure,
					/Users/administrator/Downloads,
				);
				GCC_PRECOMPILE_PREFIX_HEADER = YES;
				GCC_PREFIX_HEADER = "Adventure/Adventure-Prefix.pch";
				INFOPLIST_FILE = "Adventure/Adventure-Info.plist";
				ONLY_ACTIVE_ARCH = YES;
				PRODUCT_NAME = "$(TARGET_NAME)";
				VALID_ARCHS = "arm64 armv7 armv7s";
				WRAPPER_EXTENSION = app;
			};
			name = Debug;
		};
		C379B16718CFA9E20092D112 /* Release */ = {
			isa = XCBuildConfiguration;
			buildSettings = {
				ASSETCATALOG_COMPILER_APPICON_NAME = AppIcon;
				ASSETCATALOG_COMPILER_LAUNCHIMAGE_NAME = LaunchImage;
				FRAMEWORK_SEARCH_PATHS = (
					"$(inherited)",
					/Users/administrator/Adventure/Adventure,
					/Users/administrator/Downloads,
				);
				GCC_PRECOMPILE_PREFIX_HEADER = YES;
				GCC_PREFIX_HEADER = "Adventure/Adventure-Prefix.pch";
				INFOPLIST_FILE = "Adventure/Adventure-Info.plist";
				ONLY_ACTIVE_ARCH = YES;
				PRODUCT_NAME = "$(TARGET_NAME)";
				VALID_ARCHS = "arm64 armv7 armv7s";
				WRAPPER_EXTENSION = app;
			};
			name = Release;
		};
		C379B16918CFA9E30092D112 /* Debug */ = {
			isa = XCBuildConfiguration;
			buildSettings = {
				ARCHS = "$(ARCHS_STANDARD_INCLUDING_64_BIT)";
				BUNDLE_LOADER = "$(BUILT_PRODUCTS_DIR)/Adventure.app/Adventure";
				FRAMEWORK_SEARCH_PATHS = (
					"$(SDKROOT)/Developer/Library/Frameworks",
					"$(inherited)",
					"$(DEVELOPER_FRAMEWORKS_DIR)",
				);
				GCC_PRECOMPILE_PREFIX_HEADER = YES;
				GCC_PREFIX_HEADER = "Adventure/Adventure-Prefix.pch";
				GCC_PREPROCESSOR_DEFINITIONS = (
					"DEBUG=1",
					"$(inherited)",
				);
				INFOPLIST_FILE = "AdventureTests/AdventureTests-Info.plist";
				PRODUCT_NAME = "$(TARGET_NAME)";
				TEST_HOST = "$(BUNDLE_LOADER)";
				WRAPPER_EXTENSION = xctest;
			};
			name = Debug;
		};
		C379B16A18CFA9E30092D112 /* Release */ = {
			isa = XCBuildConfiguration;
			buildSettings = {
				ARCHS = "$(ARCHS_STANDARD_INCLUDING_64_BIT)";
				BUNDLE_LOADER = "$(BUILT_PRODUCTS_DIR)/Adventure.app/Adventure";
				FRAMEWORK_SEARCH_PATHS = (
					"$(SDKROOT)/Developer/Library/Frameworks",
					"$(inherited)",
					"$(DEVELOPER_FRAMEWORKS_DIR)",
				);
				GCC_PRECOMPILE_PREFIX_HEADER = YES;
				GCC_PREFIX_HEADER = "Adventure/Adventure-Prefix.pch";
				INFOPLIST_FILE = "AdventureTests/AdventureTests-Info.plist";
				PRODUCT_NAME = "$(TARGET_NAME)";
				TEST_HOST = "$(BUNDLE_LOADER)";
				WRAPPER_EXTENSION = xctest;
			};
			name = Release;
		};
/* End XCBuildConfiguration section */

/* Begin XCConfigurationList section */
		C379B12E18CFA9E20092D112 /* Build configuration list for PBXProject "Adventure" */ = {
			isa = XCConfigurationList;
			buildConfigurations = (
				C379B16318CFA9E20092D112 /* Debug */,
				C379B16418CFA9E20092D112 /* Release */,
			);
			defaultConfigurationIsVisible = 0;
			defaultConfigurationName = Release;
		};
		C379B16518CFA9E20092D112 /* Build configuration list for PBXNativeTarget "Adventure" */ = {
			isa = XCConfigurationList;
			buildConfigurations = (
				C379B16618CFA9E20092D112 /* Debug */,
				C379B16718CFA9E20092D112 /* Release */,
			);
			defaultConfigurationIsVisible = 0;
			defaultConfigurationName = Release;
		};
		C379B16818CFA9E30092D112 /* Build configuration list for PBXNativeTarget "AdventureTests" */ = {
			isa = XCConfigurationList;
			buildConfigurations = (
				C379B16918CFA9E30092D112 /* Debug */,
				C379B16A18CFA9E30092D112 /* Release */,
			);
			defaultConfigurationIsVisible = 0;
			defaultConfigurationName = Release;
		};
/* End XCConfigurationList section */
	};
	rootObject = C379B12B18CFA9E20092D112 /* Project object */;
}
